
Microsoft Visual Studio Solution File, Format Version 12.00
# Visual Studio Version 17
VisualStudioVersion = 17.0.31903.59
MinimumVisualStudioVersion = 10.0.40219.1
Project("{2150E333-8FDC-42A3-9474-1A3956D46DE8}") = "tests", "tests", "{8CDB5C66-4D09-444B-BEA6-6BCF630D172D}"
EndProject
Project("{9A19103F-16F7-4668-BE54-9A1E7A4F7556}") = "UnitTests", "tests\Userstests\UnitTests.csproj", "{08CB1CEE-2FDA-470B-AFA4-B819B4DD210D}"
EndProject
Project("{2150E333-8FDC-42A3-9474-1A3956D46DE8}") = "core", "core", "{957CD407-7991-427C-8D10-0A74ED2B75E0}"
EndProject
Project("{9A19103F-16F7-4668-BE54-9A1E7A4F7556}") = "core", "core\core\core.csproj", "{663886F4-9FD7-4269-B64F-1D0DC9678213}"
EndProject
Global
	GlobalSection(SolutionConfigurationPlatforms) = preSolution
		Debug|Any CPU = Debug|Any CPU
		Release|Any CPU = Release|Any CPU
	EndGlobalSection
	GlobalSection(ProjectConfigurationPlatforms) = postSolution
		{08CB1CEE-2FDA-470B-AFA4-B819B4DD210D}.Debug|Any CPU.ActiveCfg = Debug|Any CPU
		{08CB1CEE-2FDA-470B-AFA4-B819B4DD210D}.Debug|Any CPU.Build.0 = Debug|Any CPU
		{08CB1CEE-2FDA-470B-AFA4-B819B4DD210D}.Release|Any CPU.ActiveCfg = Release|Any CPU
		{08CB1CEE-2FDA-470B-AFA4-B819B4DD210D}.Release|Any CPU.Build.0 = Release|Any CPU
		{663886F4-9FD7-4269-B64F-1D0DC9678213}.Debug|Any CPU.ActiveCfg = Debug|Any CPU
		{663886F4-9FD7-4269-B64F-1D0DC9678213}.Debug|Any CPU.Build.0 = Debug|Any CPU
		{663886F4-9FD7-4269-B64F-1D0DC9678213}.Release|Any CPU.ActiveCfg = Release|Any CPU
		{663886F4-9FD7-4269-B64F-1D0DC9678213}.Release|Any CPU.Build.0 = Release|Any CPU
	EndGlobalSection
	GlobalSection(SolutionProperties) = preSolution
		HideSolutionNode = FALSE
	EndGlobalSection
	GlobalSection(NestedProjects) = preSolution
		{08CB1CEE-2FDA-470B-AFA4-B819B4DD210D} = {8CDB5C66-4D09-444B-BEA6-6BCF630D172D}
		{663886F4-9FD7-4269-B64F-1D0DC9678213} = {957CD407-7991-427C-8D10-0A74ED2B75E0}
	EndGlobalSection
	GlobalSection(ExtensibilityGlobals) = postSolution
		SolutionGuid = {CD1162B3-728F-46D5-8BD7-AD4A3E10DC61}
	EndGlobalSection
EndGlobal
